
Microsoft Visual Studio Solution File, Format Version 12.00
# Visual Studio 14
VisualStudioVersion = 14.0.25420.1
MinimumVisualStudioVersion = 10.0.40219.1
Project("{FAE04EC0-301F-11D3-BF4B-00C04F79EFBC}") = "OutilsFormels", "OutilsFormels\OutilsFormels.csproj", "{243A4956-BCA1-404F-8F24-87640199941A}"
EndProject
Project("{FAE04EC0-301F-11D3-BF4B-00C04F79EFBC}") = "OutilsFormelTest", "OutilsFormelTest\OutilsFormelTest.csproj", "{80A37286-5595-496C-9EC1-6087A33769DC}"
EndProject
Global
	GlobalSection(SolutionConfigurationPlatforms) = preSolution
		Debug|Any CPU = Debug|Any CPU
		Release|Any CPU = Release|Any CPU
	EndGlobalSection
	GlobalSection(ProjectConfigurationPlatforms) = postSolution
		{243A4956-BCA1-404F-8F24-87640199941A}.Debug|Any CPU.ActiveCfg = Debug|Any CPU
		{243A4956-BCA1-404F-8F24-87640199941A}.Debug|Any CPU.Build.0 = Debug|Any CPU
		{243A4956-BCA1-404F-8F24-87640199941A}.Release|Any CPU.ActiveCfg = Release|Any CPU
		{243A4956-BCA1-404F-8F24-87640199941A}.Release|Any CPU.Build.0 = Release|Any CPU
		{80A37286-5595-496C-9EC1-6087A33769DC}.Debug|Any CPU.ActiveCfg = Debug|Any CPU
		{80A37286-5595-496C-9EC1-6087A33769DC}.Debug|Any CPU.Build.0 = Debug|Any CPU
		{80A37286-5595-496C-9EC1-6087A33769DC}.Release|Any CPU.ActiveCfg = Release|Any CPU
		{80A37286-5595-496C-9EC1-6087A33769DC}.Release|Any CPU.Build.0 = Release|Any CPU
	EndGlobalSection
	GlobalSection(SolutionProperties) = preSolution
		HideSolutionNode = FALSE
	EndGlobalSection
EndGlobal
